
Microsoft Visual Studio Solution File, Format Version 12.00
# Visual Studio Version 17
VisualStudioVersion = 17.13.35919.96 d17.13
MinimumVisualStudioVersion = 10.0.40219.1
Project("{FAE04EC0-301F-11D3-BF4B-00C04F79EFBC}") = "Beautyy", "Beautyy\Beautyy.csproj", "{672015F5-6942-4770-A410-04A2A2D70B8D}"
EndProject
Global
	GlobalSection(SolutionConfigurationPlatforms) = preSolution
		Debug|Any CPU = Debug|Any CPU
		Release|Any CPU = Release|Any CPU
	EndGlobalSection
	GlobalSection(ProjectConfigurationPlatforms) = postSolution
		{672015F5-6942-4770-A410-04A2A2D70B8D}.Debug|Any CPU.ActiveCfg = Debug|Any CPU
		{672015F5-6942-4770-A410-04A2A2D70B8D}.Debug|Any CPU.Build.0 = Debug|Any CPU
		{672015F5-6942-4770-A410-04A2A2D70B8D}.Release|Any CPU.ActiveCfg = Release|Any CPU
		{672015F5-6942-4770-A410-04A2A2D70B8D}.Release|Any CPU.Build.0 = Release|Any CPU
	EndGlobalSection
	GlobalSection(SolutionProperties) = preSolution
		HideSolutionNode = FALSE
	EndGlobalSection
	GlobalSection(ExtensibilityGlobals) = postSolution
		SolutionGuid = {86781FB4-0A2A-48FE-A70B-05569AA59C44}
	EndGlobalSection
EndGlobal
